{
  "name": "daedalus",
  "lockfileVersion": 2,
  "requires": true,
  "packages": {
    "": {
      "dependencies": {
        "three.terrain.js": "^2.0.0"
      },
      "devDependencies": {
        "husky": "^7.0.4"
      }
    },
    "node_modules/husky": {
      "version": "7.0.4",
      "resolved": "https://registry.npmjs.org/husky/-/husky-7.0.4.tgz",
      "integrity": "sha512-vbaCKN2QLtP/vD4yvs6iz6hBEo6wkSzs8HpRah1Z6aGmF2KW5PdYuAd7uX5a+OyBZHBhd+TFLqgjUgytQr4RvQ==",
      "dev": true,
      "bin": {
        "husky": "lib/bin.js"
      },
      "engines": {
        "node": ">=12"
      },
      "funding": {
        "url": "https://github.com/sponsors/typicode"
      }
    },
    "node_modules/three.terrain.js": {
      "version": "2.0.0",
      "resolved": "https://registry.npmjs.org/three.terrain.js/-/three.terrain.js-2.0.0.tgz",
      "integrity": "sha512-M3DLpZ4Vo/yuxp2g64ZUvoCxcR/WMDwK3ZxcohPQqYR2y/SfO70XZ8pG+OvyHiMJvnoMoPefAOSfs2Pu4jVJsg=="
    }
  },
  "dependencies": {
    "husky": {
      "version": "7.0.4",
      "resolved": "https://registry.npmjs.org/husky/-/husky-7.0.4.tgz",
      "integrity": "sha512-vbaCKN2QLtP/vD4yvs6iz6hBEo6wkSzs8HpRah1Z6aGmF2KW5PdYuAd7uX5a+OyBZHBhd+TFLqgjUgytQr4RvQ==",
      "dev": true
    },
    "three.terrain.js": {
      "version": "2.0.0",
      "resolved": "https://registry.npmjs.org/three.terrain.js/-/three.terrain.js-2.0.0.tgz",
      "integrity": "sha512-M3DLpZ4Vo/yuxp2g64ZUvoCxcR/WMDwK3ZxcohPQqYR2y/SfO70XZ8pG+OvyHiMJvnoMoPefAOSfs2Pu4jVJsg=="
    }
  }
}
